Microsoft Visual Studio Solution File, Format Version 12.00
# Visual Studio Version 17
VisualStudioVersion = 17.5.2.0
MinimumVisualStudioVersion = 10.0.40219.1
Project("{2150E333-8FDC-42A3-9474-1A3956D46DE8}") = "command_service", "command_service", "{D1CCFE76-47F2-75F8-F2BD-F3917B08693B}"
EndProject
Project("{2150E333-8FDC-42A3-9474-1A3956D46DE8}") = "laptop_agent", "laptop_agent", "{1C43B216-44DA-D509-EE21-3F1698F03D90}"
EndProject
Project("{2150E333-8FDC-42A3-9474-1A3956D46DE8}") = "shared_contracts", "shared_contracts", "{887DB1DA-125E-3CDD-AF1A-11FBE40F60CE}"
EndProject
Project("{2150E333-8FDC-42A3-9474-1A3956D46DE8}") = "tests", "tests", "{0AB3BF05-4346-4AA6-1389-037BE0695223}"
EndProject
Project("{FAE04EC0-301F-11D3-BF4B-00C04F79EFBC}") = "LockMyLaptop.CommandService", "command_service\LockMyLaptop.CommandService.csproj", "{614E8203-D903-7237-8BA2-4E5A6D308E69}"
EndProject
Project("{FAE04EC0-301F-11D3-BF4B-00C04F79EFBC}") = "LockMyLaptop.LaptopAgent", "laptop_agent\LockMyLaptop.LaptopAgent.csproj", "{C29D8DB2-60EA-1BEC-69BD-4BBAAC102A4A}"
EndProject
Project("{FAE04EC0-301F-11D3-BF4B-00C04F79EFBC}") = "LockMyLaptop.SharedContracts", "shared_contracts\LockMyLaptop.SharedContracts.csproj", "{499B2436-482B-BC88-9F89-884050A4F724}"
EndProject
Project("{FAE04EC0-301F-11D3-BF4B-00C04F79EFBC}") = "LockMyLaptop.CommandService.Tests", "tests\LockMyLaptop.CommandService.Tests\LockMyLaptop.CommandService.Tests.csproj", "{17ED2BFF-09C8-C75A-9200-8B91930843FC}"
EndProject
Global
	GlobalSection(SolutionConfigurationPlatforms) = preSolution
		Debug|Any CPU = Debug|Any CPU
		Release|Any CPU = Release|Any CPU
	EndGlobalSection
	GlobalSection(ProjectConfigurationPlatforms) = postSolution
		{614E8203-D903-7237-8BA2-4E5A6D308E69}.Debug|Any CPU.ActiveCfg = Debug|Any CPU
		{614E8203-D903-7237-8BA2-4E5A6D308E69}.Debug|Any CPU.Build.0 = Debug|Any CPU
		{614E8203-D903-7237-8BA2-4E5A6D308E69}.Release|Any CPU.ActiveCfg = Release|Any CPU
		{614E8203-D903-7237-8BA2-4E5A6D308E69}.Release|Any CPU.Build.0 = Release|Any CPU
		{C29D8DB2-60EA-1BEC-69BD-4BBAAC102A4A}.Debug|Any CPU.ActiveCfg = Debug|Any CPU
		{C29D8DB2-60EA-1BEC-69BD-4BBAAC102A4A}.Debug|Any CPU.Build.0 = Debug|Any CPU
		{C29D8DB2-60EA-1BEC-69BD-4BBAAC102A4A}.Release|Any CPU.ActiveCfg = Release|Any CPU
		{C29D8DB2-60EA-1BEC-69BD-4BBAAC102A4A}.Release|Any CPU.Build.0 = Release|Any CPU
		{499B2436-482B-BC88-9F89-884050A4F724}.Debug|Any CPU.ActiveCfg = Debug|Any CPU
		{499B2436-482B-BC88-9F89-884050A4F724}.Debug|Any CPU.Build.0 = Debug|Any CPU
		{499B2436-482B-BC88-9F89-884050A4F724}.Release|Any CPU.ActiveCfg = Release|Any CPU
		{499B2436-482B-BC88-9F89-884050A4F724}.Release|Any CPU.Build.0 = Release|Any CPU
		{17ED2BFF-09C8-C75A-9200-8B91930843FC}.Debug|Any CPU.ActiveCfg = Debug|Any CPU
		{17ED2BFF-09C8-C75A-9200-8B91930843FC}.Debug|Any CPU.Build.0 = Debug|Any CPU
		{17ED2BFF-09C8-C75A-9200-8B91930843FC}.Release|Any CPU.ActiveCfg = Release|Any CPU
		{17ED2BFF-09C8-C75A-9200-8B91930843FC}.Release|Any CPU.Build.0 = Release|Any CPU
	EndGlobalSection
	GlobalSection(SolutionProperties) = preSolution
		HideSolutionNode = FALSE
	EndGlobalSection
	GlobalSection(NestedProjects) = preSolution
		{614E8203-D903-7237-8BA2-4E5A6D308E69} = {D1CCFE76-47F2-75F8-F2BD-F3917B08693B}
		{C29D8DB2-60EA-1BEC-69BD-4BBAAC102A4A} = {1C43B216-44DA-D509-EE21-3F1698F03D90}
		{499B2436-482B-BC88-9F89-884050A4F724} = {887DB1DA-125E-3CDD-AF1A-11FBE40F60CE}
		{17ED2BFF-09C8-C75A-9200-8B91930843FC} = {0AB3BF05-4346-4AA6-1389-037BE0695223}
	EndGlobalSection
	GlobalSection(ExtensibilityGlobals) = postSolution
		SolutionGuid = {2EAFE2C9-7839-4C7D-A841-38F9A4ADA13A}
	EndGlobalSection
EndGlobal
